
Microsoft Visual Studio Solution File, Format Version 12.00
# Visual Studio Version 16
VisualStudioVersion = 16.0.29728.190
MinimumVisualStudioVersion = 10.0.40219.1
Project("{9A19103F-16F7-4668-BE54-9A1E7A4F7556}") = "TripAdvisorForEducation.Web", "TripAdvisorForEducation.Web\TripAdvisorForEducation.Web.csproj", "{99CD82E6-C7F6-4C42-88B3-DF2C9F10AA14}"
EndProject
Project("{2150E333-8FDC-42A3-9474-1A3956D46DE8}") = "Data", "Data", "{26688B76-180B-48AD-9146-828758190144}"
EndProject
Project("{9A19103F-16F7-4668-BE54-9A1E7A4F7556}") = "TripAdvisorForEducation.Data", "TripAdvisorForEducation.Data\TripAdvisorForEducation.Data.csproj", "{7CAE5D83-786E-48D9-907D-98DF90CF2F57}"
EndProject
Project("{9A19103F-16F7-4668-BE54-9A1E7A4F7556}") = "TripAdvisorForEducation.Data.Contracts", "TripAdvisorForEducation.Data.Contracts\TripAdvisorForEducation.Data.Contracts.csproj", "{B04F2DB9-80D0-4F05-A767-5F49D5ECC861}"
EndProject
Project("{9A19103F-16F7-4668-BE54-9A1E7A4F7556}") = "TripAdvisorForEducation.Data.Models", "TripAdvisorForEducation.Data.Models\TripAdvisorForEducation.Data.Models.csproj", "{8587811B-7B98-4C71-AE78-BB0E403DB954}"
EndProject
Project("{2150E333-8FDC-42A3-9474-1A3956D46DE8}") = "Services", "Services", "{9DCE8A85-FCED-479A-8A3C-AA24D7927FAD}"
EndProject
Project("{9A19103F-16F7-4668-BE54-9A1E7A4F7556}") = "TripAdvisorForEducation.Services", "TripAdvisorForEducation.Services\TripAdvisorForEducation.Services.csproj", "{62035631-02D0-4C69-BF29-B5588AD9AD47}"
EndProject
Global
	GlobalSection(SolutionConfigurationPlatforms) = preSolution
		Debug|Any CPU = Debug|Any CPU
		Release|Any CPU = Release|Any CPU
	EndGlobalSection
	GlobalSection(ProjectConfigurationPlatforms) = postSolution
		{99CD82E6-C7F6-4C42-88B3-DF2C9F10AA14}.Debug|Any CPU.ActiveCfg = Debug|Any CPU
		{99CD82E6-C7F6-4C42-88B3-DF2C9F10AA14}.Debug|Any CPU.Build.0 = Debug|Any CPU
		{99CD82E6-C7F6-4C42-88B3-DF2C9F10AA14}.Release|Any CPU.ActiveCfg = Release|Any CPU
		{99CD82E6-C7F6-4C42-88B3-DF2C9F10AA14}.Release|Any CPU.Build.0 = Release|Any CPU
		{7CAE5D83-786E-48D9-907D-98DF90CF2F57}.Debug|Any CPU.ActiveCfg = Debug|Any CPU
		{7CAE5D83-786E-48D9-907D-98DF90CF2F57}.Debug|Any CPU.Build.0 = Debug|Any CPU
		{7CAE5D83-786E-48D9-907D-98DF90CF2F57}.Release|Any CPU.ActiveCfg = Release|Any CPU
		{7CAE5D83-786E-48D9-907D-98DF90CF2F57}.Release|Any CPU.Build.0 = Release|Any CPU
		{B04F2DB9-80D0-4F05-A767-5F49D5ECC861}.Debug|Any CPU.ActiveCfg = Debug|Any CPU
		{B04F2DB9-80D0-4F05-A767-5F49D5ECC861}.Debug|Any CPU.Build.0 = Debug|Any CPU
		{B04F2DB9-80D0-4F05-A767-5F49D5ECC861}.Release|Any CPU.ActiveCfg = Release|Any CPU
		{B04F2DB9-80D0-4F05-A767-5F49D5ECC861}.Release|Any CPU.Build.0 = Release|Any CPU
		{8587811B-7B98-4C71-AE78-BB0E403DB954}.Debug|Any CPU.ActiveCfg = Debug|Any CPU
		{8587811B-7B98-4C71-AE78-BB0E403DB954}.Debug|Any CPU.Build.0 = Debug|Any CPU
		{8587811B-7B98-4C71-AE78-BB0E403DB954}.Release|Any CPU.ActiveCfg = Release|Any CPU
		{8587811B-7B98-4C71-AE78-BB0E403DB954}.Release|Any CPU.Build.0 = Release|Any CPU
		{62035631-02D0-4C69-BF29-B5588AD9AD47}.Debug|Any CPU.ActiveCfg = Debug|Any CPU
		{62035631-02D0-4C69-BF29-B5588AD9AD47}.Debug|Any CPU.Build.0 = Debug|Any CPU
		{62035631-02D0-4C69-BF29-B5588AD9AD47}.Release|Any CPU.ActiveCfg = Release|Any CPU
		{62035631-02D0-4C69-BF29-B5588AD9AD47}.Release|Any CPU.Build.0 = Release|Any CPU
	EndGlobalSection
	GlobalSection(SolutionProperties) = preSolution
		HideSolutionNode = FALSE
	EndGlobalSection
	GlobalSection(NestedProjects) = preSolution
		{7CAE5D83-786E-48D9-907D-98DF90CF2F57} = {26688B76-180B-48AD-9146-828758190144}
		{B04F2DB9-80D0-4F05-A767-5F49D5ECC861} = {26688B76-180B-48AD-9146-828758190144}
		{8587811B-7B98-4C71-AE78-BB0E403DB954} = {26688B76-180B-48AD-9146-828758190144}
		{62035631-02D0-4C69-BF29-B5588AD9AD47} = {9DCE8A85-FCED-479A-8A3C-AA24D7927FAD}
	EndGlobalSection
	GlobalSection(ExtensibilityGlobals) = postSolution
		SolutionGuid = {E2484AE5-798F-49A4-B5F5-BA52754CF493}
	EndGlobalSection
EndGlobal
